
Microsoft Visual Studio Solution File, Format Version 12.00
# Visual Studio Version 16
VisualStudioVersion = 16.0.31105.61
MinimumVisualStudioVersion = 10.0.40219.1
Project("{FAE04EC0-301F-11D3-BF4B-00C04F79EFBC}") = "O4Desk.Web.Api", "O4Desk.Web.Api\O4Desk.Web.Api.csproj", "{F5701E30-8ED0-4BC8-A2E0-3F3D7C95FE0C}"
EndProject
Global
	GlobalSection(SolutionConfigurationPlatforms) = preSolution
		Debug|Any CPU = Debug|Any CPU
		Release|Any CPU = Release|Any CPU
	EndGlobalSection
	GlobalSection(ProjectConfigurationPlatforms) = postSolution
		{F5701E30-8ED0-4BC8-A2E0-3F3D7C95FE0C}.Debug|Any CPU.ActiveCfg = Debug|Any CPU
		{F5701E30-8ED0-4BC8-A2E0-3F3D7C95FE0C}.Debug|Any CPU.Build.0 = Debug|Any CPU
		{F5701E30-8ED0-4BC8-A2E0-3F3D7C95FE0C}.Release|Any CPU.ActiveCfg = Release|Any CPU
		{F5701E30-8ED0-4BC8-A2E0-3F3D7C95FE0C}.Release|Any CPU.Build.0 = Release|Any CPU
	EndGlobalSection
	GlobalSection(SolutionProperties) = preSolution
		HideSolutionNode = FALSE
	EndGlobalSection
	GlobalSection(ExtensibilityGlobals) = postSolution
		SolutionGuid = {1081D481-4AF8-4B43-BBF5-A22DEE556CA5}
	EndGlobalSection
EndGlobal
